
Microsoft Visual Studio Solution File, Format Version 12.00
# Visual Studio Version 17
VisualStudioVersion = 17.6.33723.286
MinimumVisualStudioVersion = 10.0.40219.1
Project("{FAE04EC0-301F-11D3-BF4B-00C04F79EFBC}") = "WindowsFormsApp1", "WindowsFormsApp1.csproj", "{5EABC5D1-8217-4E0B-9E2D-75F31936A48E}"
EndProject
Global
	GlobalSection(SolutionConfigurationPlatforms) = preSolution
		Debug|Any CPU = Debug|Any CPU
		Release|Any CPU = Release|Any CPU
	EndGlobalSection
	GlobalSection(ProjectConfigurationPlatforms) = postSolution
		{5EABC5D1-8217-4E0B-9E2D-75F31936A48E}.Debug|Any CPU.ActiveCfg = Debug|Any CPU
		{5EABC5D1-8217-4E0B-9E2D-75F31936A48E}.Debug|Any CPU.Build.0 = Debug|Any CPU
		{5EABC5D1-8217-4E0B-9E2D-75F31936A48E}.Release|Any CPU.ActiveCfg = Release|Any CPU
		{5EABC5D1-8217-4E0B-9E2D-75F31936A48E}.Release|Any CPU.Build.0 = Release|Any CPU
	EndGlobalSection
	GlobalSection(SolutionProperties) = preSolution
		HideSolutionNode = FALSE
	EndGlobalSection
	GlobalSection(ExtensibilityGlobals) = postSolution
		SolutionGuid = {657F0CE8-EE68-4BA7-A056-4E1A1107DED9}
	EndGlobalSection
EndGlobal
